Microsoft Visual Studio Solution File, Format Version 11.00
# Visual Studio 2010
Project("{FAE04EC0-301F-11D3-BF4B-00C04F79EFBC}") = "Assembly-CSharp", "Assembly-CSharp.csproj", "{117F3171-A492-E499-441C-CBED8CF5AC56}"
EndProject
Project("{FAE04EC0-301F-11D3-BF4B-00C04F79EFBC}") = "Assembly-CSharp-Editor", "Assembly-CSharp-Editor.csproj", "{C5109636-D1ED-4826-4109-F0F49400D02F}"
EndProject
Global
	GlobalSection(SolutionConfigurationPlatforms) = preSolution
		Debug|Any CPU = Debug|Any CPU
		Release|Any CPU = Release|Any CPU
	EndGlobalSection
	GlobalSection(ProjectConfigurationPlatforms) = postSolution
		{117F3171-A492-E499-441C-CBED8CF5AC56}.Debug|Any CPU.ActiveCfg = Debug|Any CPU
		{117F3171-A492-E499-441C-CBED8CF5AC56}.Debug|Any CPU.Build.0 = Debug|Any CPU
		{117F3171-A492-E499-441C-CBED8CF5AC56}.Release|Any CPU.ActiveCfg = Release|Any CPU
		{117F3171-A492-E499-441C-CBED8CF5AC56}.Release|Any CPU.Build.0 = Release|Any CPU
		{C5109636-D1ED-4826-4109-F0F49400D02F}.Debug|Any CPU.ActiveCfg = Debug|Any CPU
		{C5109636-D1ED-4826-4109-F0F49400D02F}.Debug|Any CPU.Build.0 = Debug|Any CPU
		{C5109636-D1ED-4826-4109-F0F49400D02F}.Release|Any CPU.ActiveCfg = Release|Any CPU
		{C5109636-D1ED-4826-4109-F0F49400D02F}.Release|Any CPU.Build.0 = Release|Any CPU
	EndGlobalSection
	GlobalSection(SolutionProperties) = preSolution
		HideSolutionNode = FALSE
	EndGlobalSection
	GlobalSection(MonoDevelopProperties) = preSolution
		StartupItem = Assembly-CSharp.csproj
	EndGlobalSection
EndGlobal
